# This file is automatically @generated by Cargo.
# It is not intended for manual editing.
version = 4

[[package]]
name = "bitflags"
version = "2.11.1"
source = "registry+https://github.com/rust-lang/crates.io-index"
checksum = "c4512299f36f043ab09a583e57bceb5a5aab7a73db1805848e8fef3c9e8c78b3"

[[package]]
name = "bypass-db"
version = "0.1.0"
dependencies = [
 "bypass-io",
]

[[package]]
name = "bypass-io"
version = "0.1.0"
dependencies = [
 "crossbeam-queue",
 "io-uring",
 "libc",
]

[[package]]
name = "cfg-if"
version = "1.0.4"
source = "registry+https://github.com/rust-lang/crates.io-index"
checksum = "9330f8b2ff13f34540b44e946ef35111825727b38d33286ef986142615121801"

[[package]]
name = "crossbeam-queue"
version = "0.3.12"
source = "registry+https://github.com/rust-lang/crates.io-index"
checksum = "0f58bbc28f91df819d0aa2a2c00cd19754769c2fad90579b3592b1c9ba7a3115"
dependencies = [
 "crossbeam-utils",
]

[[package]]
name = "crossbeam-utils"
version = "0.8.21"
source = "registry+https://github.com/rust-lang/crates.io-index"
checksum = "d0a5c400df2834b80a4c3327b3aad3a4c4cd4de0629063962b03235697506a28"

[[package]]
name = "io-uring"
version = "0.7.12"
source = "registry+https://github.com/rust-lang/crates.io-index"
checksum = "4d09b98f7eace8982db770e4408e7470b028ce513ac28fecdc6bf4c30fe92b62"
dependencies = [
 "bitflags",
 "cfg-if",
 "libc",
]

[[package]]
name = "libc"
version = "0.2.186"
source = "registry+https://github.com/rust-lang/crates.io-index"
checksum = "68ab91017fe16c622486840e4c83c9a37afeff978bd239b5293d61ece587de66"
